
Microsoft Visual Studio Solution File, Format Version 12.00
# Visual Studio Version 16
VisualStudioVersion = 16.0.32126.315
MinimumVisualStudioVersion = 10.0.40219.1
Project("{9A19103F-16F7-4668-BE54-9A1E7A4F7556}") = "InteractiveBorderMapApp", "InteractiveBorderMapApp\InteractiveBorderMapApp.csproj", "{5B2F7A56-E6CF-4D57-ACDF-DF36B0141B25}"
EndProject
Global
	GlobalSection(SolutionConfigurationPlatforms) = preSolution
		Debug|Any CPU = Debug|Any CPU
		Release|Any CPU = Release|Any CPU
	EndGlobalSection
	GlobalSection(ProjectConfigurationPlatforms) = postSolution
		{5B2F7A56-E6CF-4D57-ACDF-DF36B0141B25}.Debug|Any CPU.ActiveCfg = Debug|Any CPU
		{5B2F7A56-E6CF-4D57-ACDF-DF36B0141B25}.Debug|Any CPU.Build.0 = Debug|Any CPU
		{5B2F7A56-E6CF-4D57-ACDF-DF36B0141B25}.Release|Any CPU.ActiveCfg = Release|Any CPU
		{5B2F7A56-E6CF-4D57-ACDF-DF36B0141B25}.Release|Any CPU.Build.0 = Release|Any CPU
	EndGlobalSection
	GlobalSection(SolutionProperties) = preSolution
		HideSolutionNode = FALSE
	EndGlobalSection
	GlobalSection(ExtensibilityGlobals) = postSolution
		SolutionGuid = {9A611D7E-7DCE-44E4-97D1-12D9A0113453}
	EndGlobalSection
EndGlobal
